version = 1
requires-python = ">=3.12.3"

[[package]]
name = "jmaxml"
version = "0.1.0"
source = { editable = "." }
dependencies = [
    { name = "lxml" },
    { name = "pandas" },
    { name = "ruff" },
    { name = "xlrd" },
]

[package.metadata]
requires-dist = [
    { name = "lxml", specifier = ">=5.3.1" },
    { name = "pandas", specifier = ">=2.2.3" },
    { name = "ruff", specifier = ">=0.9.9" },
    { name = "xlrd", specifier = ">=2.0.1" },
]

[[package]]
name = "lxml"
version = "5.3.1"
source = { registry = "https://pypi.org/simple" }
sdist = { url = "https://files.pythonhosted.org/packages/ef/f6/c15ca8e5646e937c148e147244817672cf920b56ac0bf2cc1512ae674be8/lxml-5.3.1.tar.gz", hash = "sha256:106b7b5d2977b339f1e97efe2778e2ab20e99994cbb0ec5e55771ed0795920c8", size = 3678591 }
wheels = [
    { url = "https://files.pythonhosted.org/packages/3b/f4/5121aa9ee8e09b8b8a28cf3709552efe3d206ca51a20d6fa471b60bb3447/lxml-5.3.1-cp312-cp312-macosx_10_9_universal2.whl", hash = "sha256:e69add9b6b7b08c60d7ff0152c7c9a6c45b4a71a919be5abde6f98f1ea16421c", size = 8191889 },
    { url = "https://files.pythonhosted.org/packages/0a/ca/8e9aa01edddc74878f4aea85aa9ab64372f46aa804d1c36dda861bf9eabf/lxml-5.3.1-cp312-cp312-macosx_10_9_x86_64.whl", hash = "sha256:4e52e1b148867b01c05e21837586ee307a01e793b94072d7c7b91d2c2da02ffe", size = 4450685 },
    { url = "https://files.pythonhosted.org/packages/b2/b3/ea40a5c98619fbd7e9349df7007994506d396b97620ced34e4e5053d3734/lxml-5.3.1-cp312-cp312-manylinux_2_12_i686.manylinux2010_i686.manylinux_2_17_i686.manylinux2014_i686.whl", hash = "sha256:a4b382e0e636ed54cd278791d93fe2c4f370772743f02bcbe431a160089025c9", size = 5051722 },
    { url = "https://files.pythonhosted.org/packages/3a/5e/375418be35f8a695cadfe7e7412f16520e62e24952ed93c64c9554755464/lxml-5.3.1-cp312-cp312-manylinux_2_17_aarch64.manylinux2014_aarch64.whl", hash = "sha256:c2e49dc23a10a1296b04ca9db200c44d3eb32c8d8ec532e8c1fd24792276522a", size = 4786661 },
    { url = "https://files.pythonhosted.org/packages/79/7c/d258eaaa9560f6664f9b426a5165103015bee6512d8931e17342278bad0a/lxml-5.3.1-cp312-cp312-manylinux_2_17_ppc64le.manylinux2014_ppc64le.whl", hash = "sha256:4399b4226c4785575fb20998dc571bc48125dc92c367ce2602d0d70e0c455eb0", size = 5311766 },
    { url = "https://files.pythonhosted.org/packages/03/bc/a041415be4135a1b3fdf017a5d873244cc16689456166fbdec4b27fba153/lxml-5.3.1-cp312-cp312-manylinux_2_17_s390x.manylinux2014_s390x.whl", hash = "sha256:5412500e0dc5481b1ee9cf6b38bb3b473f6e411eb62b83dc9b62699c3b7b79f7", size = 4836014 },
    { url = "https://files.pythonhosted.org/packages/32/88/047f24967d5e3fc97848ea2c207eeef0f16239cdc47368c8b95a8dc93a33/lxml-5.3.1-cp312-cp312-manylinux_2_17_x86_64.manylinux2014_x86_64.whl", hash = "sha256:1c93ed3c998ea8472be98fb55aed65b5198740bfceaec07b2eba551e55b7b9ae", size = 4961064 },
    { url = "https://files.pythonhosted.org/packages/3d/b5/ecf5a20937ecd21af02c5374020f4e3a3538e10a32379a7553fca3d77094/lxml-5.3.1-cp312-cp312-manylinux_2_28_aarch64.whl", hash = "sha256:63d57fc94eb0bbb4735e45517afc21ef262991d8758a8f2f05dd6e4174944519", size = 4778341 },
    { url = "https://files.pythonhosted.org/packages/a4/05/56c359e07275911ed5f35ab1d63c8cd3360d395fb91e43927a2ae90b0322/lxml-5.3.1-cp312-cp312-manylinux_2_28_ppc64le.whl", hash = "sha256:b450d7cabcd49aa7ab46a3c6aa3ac7e1593600a1a0605ba536ec0f1b99a04322", size = 5345450 },
    { url = "https://files.pythonhosted.org/packages/b7/f4/f95e3ae12e9f32fbcde00f9affa6b0df07f495117f62dbb796a9a31c84d6/lxml-5.3.1-cp312-cp312-manylinux_2_28_s390x.whl", hash = "sha256:4df0ec814b50275ad6a99bc82a38b59f90e10e47714ac9871e1b223895825468", size = 4908336 },
    { url = "https://files.pythonhosted.org/packages/c5/f8/309546aec092434166a6e11c7dcecb5c2d0a787c18c072d61e18da9eba57/lxml-5.3.1-cp312-cp312-manylinux_2_28_x86_64.whl", hash = "sha256:d184f85ad2bb1f261eac55cddfcf62a70dee89982c978e92b9a74a1bfef2e367", size = 4986049 },
    { url = "https://files.pythonhosted.org/packages/71/1c/b951817cb5058ca7c332d012dfe8bc59dabd0f0a8911ddd7b7ea8e41cfbd/lxml-5.3.1-cp312-cp312-musllinux_1_2_aarch64.whl", hash = "sha256:b725e70d15906d24615201e650d5b0388b08a5187a55f119f25874d0103f90dd", size = 4860351 },
    { url = "https://files.pythonhosted.org/packages/31/23/45feba8dae1d35fcca1e51b051f59dc4223cbd23e071a31e25f3f73938a8/lxml-5.3.1-cp312-cp312-musllinux_1_2_ppc64le.whl", hash = "sha256:a31fa7536ec1fb7155a0cd3a4e3d956c835ad0a43e3610ca32384d01f079ea1c", size = 5421580 },
    { url = "https://files.pythonhosted.org/packages/61/69/be245d7b2dbef81c542af59c97fcd641fbf45accf2dc1c325bae7d0d014c/lxml-5.3.1-cp312-cp312-musllinux_1_2_s390x.whl", hash = "sha256:3c3c8b55c7fc7b7e8877b9366568cc73d68b82da7fe33d8b98527b73857a225f", size = 5285778 },
    { url = "https://files.pythonhosted.org/packages/69/06/128af2ed04bac99b8f83becfb74c480f1aa18407b5c329fad457e08a1bf4/lxml-5.3.1-cp312-cp312-musllinux_1_2_x86_64.whl", hash = "sha256:d61ec60945d694df806a9aec88e8f29a27293c6e424f8ff91c80416e3c617645", size = 5054455 },
    { url = "https://files.pythonhosted.org/packages/8a/2d/f03a21cf6cc75cdd083563e509c7b6b159d761115c4142abb5481094ed8c/lxml-5.3.1-cp312-cp312-win32.whl", hash = "sha256:f4eac0584cdc3285ef2e74eee1513a6001681fd9753b259e8159421ed28a72e5", size = 3486315 },
    { url = "https://files.pythonhosted.org/packages/2b/9c/8abe21585d20ef70ad9cec7562da4332b764ed69ec29b7389d23dfabcea0/lxml-5.3.1-cp312-cp312-win_amd64.whl", hash = "sha256:29bfc8d3d88e56ea0a27e7c4897b642706840247f59f4377d81be8f32aa0cfbf", size = 3816925 },
    { url = "https://files.pythonhosted.org/packages/94/1c/724931daa1ace168e0237b929e44062545bf1551974102a5762c349c668d/lxml-5.3.1-cp313-cp313-macosx_10_13_universal2.whl", hash = "sha256:c093c7088b40d8266f57ed71d93112bd64c6724d31f0794c1e52cc4857c28e0e", size = 8171881 },
    { url = "https://files.pythonhosted.org/packages/67/0c/857b8fb6010c4246e66abeebb8639eaabba60a6d9b7c606554ecc5cbf1ee/lxml-5.3.1-cp313-cp313-macosx_10_13_x86_64.whl", hash = "sha256:b0884e3f22d87c30694e625b1e62e6f30d39782c806287450d9dc2fdf07692fd", size = 4440394 },
    { url = "https://files.pythonhosted.org/packages/61/72/c9e81de6a000f9682ccdd13503db26e973b24c68ac45a7029173237e3eed/lxml-5.3.1-cp313-cp313-manylinux_2_12_i686.manylinux2010_i686.manylinux_2_17_i686.manylinux2014_i686.whl", hash = "sha256:1637fa31ec682cd5760092adfabe86d9b718a75d43e65e211d5931809bc111e7", size = 5037860 },
    { url = "https://files.pythonhosted.org/packages/24/26/942048c4b14835711b583b48cd7209bd2b5f0b6939ceed2381a494138b14/lxml-5.3.1-cp313-cp313-manylinux_2_17_aarch64.manylinux2014_aarch64.whl", hash = "sha256:a364e8e944d92dcbf33b6b494d4e0fb3499dcc3bd9485beb701aa4b4201fa414", size = 4782513 },
    { url = "https://files.pythonhosted.org/packages/e2/65/27792339caf00f610cc5be32b940ba1e3009b7054feb0c4527cebac228d4/lxml-5.3.1-cp313-cp313-manylinux_2_17_ppc64le.manylinux2014_ppc64le.whl", hash = "sha256:779e851fd0e19795ccc8a9bb4d705d6baa0ef475329fe44a13cf1e962f18ff1e", size = 5305227 },
    { url = "https://files.pythonhosted.org/packages/18/e1/25f7aa434a4d0d8e8420580af05ea49c3e12db6d297cf5435ac0a054df56/lxml-5.3.1-cp313-cp313-manylinux_2_17_s390x.manylinux2014_s390x.whl", hash = "sha256:c4393600915c308e546dc7003d74371744234e8444a28622d76fe19b98fa59d1", size = 4829846 },
    { url = "https://files.pythonhosted.org/packages/fe/ed/faf235e0792547d24f61ee1448159325448a7e4f2ab706503049d8e5df19/lxml-5.3.1-cp313-cp313-manylinux_2_17_x86_64.manylinux2014_x86_64.whl", hash = "sha256:673b9d8e780f455091200bba8534d5f4f465944cbdd61f31dc832d70e29064a5", size = 4949495 },
    { url = "https://files.pythonhosted.org/packages/e5/e1/8f572ad9ed6039ba30f26dd4c2c58fb90f79362d2ee35ca3820284767672/lxml-5.3.1-cp313-cp313-manylinux_2_28_aarch64.whl", hash = "sha256:2e4a570f6a99e96c457f7bec5ad459c9c420ee80b99eb04cbfcfe3fc18ec6423", size = 4773415 },
    { url = "https://files.pythonhosted.org/packages/a3/75/6b57166b9d1983dac8f28f354e38bff8d6bcab013a241989c4d54c72701b/lxml-5.3.1-cp313-cp313-manylinux_2_28_ppc64le.whl", hash = "sha256:71f31eda4e370f46af42fc9f264fafa1b09f46ba07bdbee98f25689a04b81c20", size = 5337710 },
    { url = "https://files.pythonhosted.org/packages/cc/71/4aa56e2daa83bbcc66ca27b5155be2f900d996f5d0c51078eaaac8df9547/lxml-5.3.1-cp313-cp313-manylinux_2_28_s390x.whl", hash = "sha256:42978a68d3825eaac55399eb37a4d52012a205c0c6262199b8b44fcc6fd686e8", size = 4897362 },
    { url = "https://files.pythonhosted.org/packages/65/10/3fa2da152cd9b49332fd23356ed7643c9b74cad636ddd5b2400a9730d12b/lxml-5.3.1-cp313-cp313-manylinux_2_28_x86_64.whl", hash = "sha256:8b1942b3e4ed9ed551ed3083a2e6e0772de1e5e3aca872d955e2e86385fb7ff9", size = 4977795 },
    { url = "https://files.pythonhosted.org/packages/de/d2/e1da0f7b20827e7b0ce934963cb6334c1b02cf1bb4aecd218c4496880cb3/lxml-5.3.1-cp313-cp313-musllinux_1_2_aarch64.whl", hash = "sha256:85c4f11be9cf08917ac2a5a8b6e1ef63b2f8e3799cec194417e76826e5f1de9c", size = 4858104 },
    { url = "https://files.pythonhosted.org/packages/a5/35/063420e1b33d3308f5aa7fcbdd19ef6c036f741c9a7a4bd5dc8032486b27/lxml-5.3.1-cp313-cp313-musllinux_1_2_ppc64le.whl", hash = "sha256:231cf4d140b22a923b1d0a0a4e0b4f972e5893efcdec188934cc65888fd0227b", size = 5416531 },
    { url = "https://files.pythonhosted.org/packages/c3/83/93a6457d291d1e37adfb54df23498101a4701834258c840381dd2f6a030e/lxml-5.3.1-cp313-cp313-musllinux_1_2_s390x.whl", hash = "sha256:5865b270b420eda7b68928d70bb517ccbe045e53b1a428129bb44372bf3d7dd5", size = 5273040 },
    { url = "https://files.pythonhosted.org/packages/39/25/ad4ac8fac488505a2702656550e63c2a8db3a4fd63db82a20dad5689cecb/lxml-5.3.1-cp313-cp313-musllinux_1_2_x86_64.whl", hash = "sha256:dbf7bebc2275016cddf3c997bf8a0f7044160714c64a9b83975670a04e6d2252", size = 5050951 },
    { url = "https://files.pythonhosted.org/packages/82/74/f7d223c704c87e44b3d27b5e0dde173a2fcf2e89c0524c8015c2b3554876/lxml-5.3.1-cp313-cp313-win32.whl", hash = "sha256:d0751528b97d2b19a388b302be2a0ee05817097bab46ff0ed76feeec24951f78", size = 3485357 },
    { url = "https://files.pythonhosted.org/packages/80/83/8c54533b3576f4391eebea88454738978669a6cad0d8e23266224007939d/lxml-5.3.1-cp313-cp313-win_amd64.whl", hash = "sha256:91fb6a43d72b4f8863d21f347a9163eecbf36e76e2f51068d59cd004c506f332", size = 3814484 },
]

[[package]]
name = "numpy"
version = "2.2.3"
source = { registry = "https://pypi.org/simple" }
sdist = { url = "https://files.pythonhosted.org/packages/fb/90/8956572f5c4ae52201fdec7ba2044b2c882832dcec7d5d0922c9e9acf2de/numpy-2.2.3.tar.gz", hash = "sha256:dbdc15f0c81611925f382dfa97b3bd0bc2c1ce19d4fe50482cb0ddc12ba30020", size = 20262700 }
wheels = [
    { url = "https://files.pythonhosted.org/packages/43/ec/43628dcf98466e087812142eec6d1c1a6c6bdfdad30a0aa07b872dc01f6f/numpy-2.2.3-cp312-cp312-macosx_10_13_x86_64.whl", hash = "sha256:12c045f43b1d2915eca6b880a7f4a256f59d62df4f044788c8ba67709412128d", size = 20929458 },
    { url = "https://files.pythonhosted.org/packages/9b/c0/2f4225073e99a5c12350954949ed19b5d4a738f541d33e6f7439e33e98e4/numpy-2.2.3-cp312-cp312-macosx_11_0_arm64.whl", hash = "sha256:87eed225fd415bbae787f93a457af7f5990b92a334e346f72070bf569b9c9c95", size = 14115299 },
    { url = "https://files.pythonhosted.org/packages/ca/fa/d2c5575d9c734a7376cc1592fae50257ec95d061b27ee3dbdb0b3b551eb2/numpy-2.2.3-cp312-cp312-macosx_14_0_arm64.whl", hash = "sha256:712a64103d97c404e87d4d7c47fb0c7ff9acccc625ca2002848e0d53288b90ea", size = 5145723 },
    { url = "https://files.pythonhosted.org/packages/eb/dc/023dad5b268a7895e58e791f28dc1c60eb7b6c06fcbc2af8538ad069d5f3/numpy-2.2.3-cp312-cp312-macosx_14_0_x86_64.whl", hash = "sha256:a5ae282abe60a2db0fd407072aff4599c279bcd6e9a2475500fc35b00a57c532", size = 6678797 },
    { url = "https://files.pythonhosted.org/packages/3f/19/bcd641ccf19ac25abb6fb1dcd7744840c11f9d62519d7057b6ab2096eb60/numpy-2.2.3-cp312-cp312-manylinux_2_17_aarch64.manylinux2014_aarch64.whl", hash = "sha256:5266de33d4c3420973cf9ae3b98b54a2a6d53a559310e3236c4b2b06b9c07d4e", size = 14067362 },
    { url = "https://files.pythonhosted.org/packages/39/04/78d2e7402fb479d893953fb78fa7045f7deb635ec095b6b4f0260223091a/numpy-2.2.3-cp312-cp312-manylinux_2_17_x86_64.manylinux2014_x86_64.whl", hash = "sha256:3b787adbf04b0db1967798dba8da1af07e387908ed1553a0d6e74c084d1ceafe", size = 16116679 },
    { url = "https://files.pythonhosted.org/packages/d0/a1/e90f7aa66512be3150cb9d27f3d9995db330ad1b2046474a13b7040dfd92/numpy-2.2.3-cp312-cp312-musllinux_1_2_aarch64.whl", hash = "sha256:34c1b7e83f94f3b564b35f480f5652a47007dd91f7c839f404d03279cc8dd021", size = 15264272 },
    { url = "https://files.pythonhosted.org/packages/dc/b6/50bd027cca494de4fa1fc7bf1662983d0ba5f256fa0ece2c376b5eb9b3f0/numpy-2.2.3-cp312-cp312-musllinux_1_2_x86_64.whl", hash = "sha256:4d8335b5f1b6e2bce120d55fb17064b0262ff29b459e8493d1785c18ae2553b8", size = 17880549 },
    { url = "https://files.pythonhosted.org/packages/96/30/f7bf4acb5f8db10a96f73896bdeed7a63373137b131ca18bd3dab889db3b/numpy-2.2.3-cp312-cp312-win32.whl", hash = "sha256:4d9828d25fb246bedd31e04c9e75714a4087211ac348cb39c8c5f99dbb6683fe", size = 6293394 },
    { url = "https://files.pythonhosted.org/packages/42/6e/55580a538116d16ae7c9aa17d4edd56e83f42126cb1dfe7a684da7925d2c/numpy-2.2.3-cp312-cp312-win_amd64.whl", hash = "sha256:83807d445817326b4bcdaaaf8e8e9f1753da04341eceec705c001ff342002e5d", size = 12626357 },
    { url = "https://files.pythonhosted.org/packages/0e/8b/88b98ed534d6a03ba8cddb316950fe80842885709b58501233c29dfa24a9/numpy-2.2.3-cp313-cp313-macosx_10_13_x86_64.whl", hash = "sha256:7bfdb06b395385ea9b91bf55c1adf1b297c9fdb531552845ff1d3ea6e40d5aba", size = 20916001 },
    { url = "https://files.pythonhosted.org/packages/d9/b4/def6ec32c725cc5fbd8bdf8af80f616acf075fe752d8a23e895da8c67b70/numpy-2.2.3-cp313-cp313-macosx_11_0_arm64.whl", hash = "sha256:23c9f4edbf4c065fddb10a4f6e8b6a244342d95966a48820c614891e5059bb50", size = 14130721 },
    { url = "https://files.pythonhosted.org/packages/20/60/70af0acc86495b25b672d403e12cb25448d79a2b9658f4fc45e845c397a8/numpy-2.2.3-cp313-cp313-macosx_14_0_arm64.whl", hash = "sha256:a0c03b6be48aaf92525cccf393265e02773be8fd9551a2f9adbe7db1fa2b60f1", size = 5130999 },
    { url = "https://files.pythonhosted.org/packages/2e/69/d96c006fb73c9a47bcb3611417cf178049aae159afae47c48bd66df9c536/numpy-2.2.3-cp313-cp313-macosx_14_0_x86_64.whl", hash = "sha256:2376e317111daa0a6739e50f7ee2a6353f768489102308b0d98fcf4a04f7f3b5", size = 6665299 },
    { url = "https://files.pythonhosted.org/packages/5a/3f/d8a877b6e48103733ac224ffa26b30887dc9944ff95dffdfa6c4ce3d7df3/numpy-2.2.3-cp313-cp313-manylinux_2_17_aarch64.manylinux2014_aarch64.whl", hash = "sha256:8fb62fe3d206d72fe1cfe31c4a1106ad2b136fcc1606093aeab314f02930fdf2", size = 14064096 },
    { url = "https://files.pythonhosted.org/packages/e4/43/619c2c7a0665aafc80efca465ddb1f260287266bdbdce517396f2f145d49/numpy-2.2.3-cp313-cp313-manylinux_2_17_x86_64.manylinux2014_x86_64.whl", hash = "sha256:52659ad2534427dffcc36aac76bebdd02b67e3b7a619ac67543bc9bfe6b7cdb1", size = 16114758 },
    { url = "https://files.pythonhosted.org/packages/d9/79/ee4fe4f60967ccd3897aa71ae14cdee9e3c097e3256975cc9575d393cb42/numpy-2.2.3-cp313-cp313-musllinux_1_2_aarch64.whl", hash = "sha256:1b416af7d0ed3271cad0f0a0d0bee0911ed7eba23e66f8424d9f3dfcdcae1304", size = 15259880 },
    { url = "https://files.pythonhosted.org/packages/fb/c8/8b55cf05db6d85b7a7d414b3d1bd5a740706df00bfa0824a08bf041e52ee/numpy-2.2.3-cp313-cp313-musllinux_1_2_x86_64.whl", hash = "sha256:1402da8e0f435991983d0a9708b779f95a8c98c6b18a171b9f1be09005e64d9d", size = 17876721 },
    { url = "https://files.pythonhosted.org/packages/21/d6/b4c2f0564b7dcc413117b0ffbb818d837e4b29996b9234e38b2025ed24e7/numpy-2.2.3-cp313-cp313-win32.whl", hash = "sha256:136553f123ee2951bfcfbc264acd34a2fc2f29d7cdf610ce7daf672b6fbaa693", size = 6290195 },
    { url = "https://files.pythonhosted.org/packages/97/e7/7d55a86719d0de7a6a597949f3febefb1009435b79ba510ff32f05a8c1d7/numpy-2.2.3-cp313-cp313-win_amd64.whl", hash = "sha256:5b732c8beef1d7bc2d9e476dbba20aaff6167bf205ad9aa8d30913859e82884b", size = 12619013 },
    { url = "https://files.pythonhosted.org/packages/a6/1f/0b863d5528b9048fd486a56e0b97c18bf705e88736c8cea7239012119a54/numpy-2.2.3-cp313-cp313t-macosx_10_13_x86_64.whl", hash = "sha256:435e7a933b9fda8126130b046975a968cc2d833b505475e588339e09f7672890", size = 20944621 },
    { url = "https://files.pythonhosted.org/packages/aa/99/b478c384f7a0a2e0736177aafc97dc9152fc036a3fdb13f5a3ab225f1494/numpy-2.2.3-cp313-cp313t-macosx_11_0_arm64.whl", hash = "sha256:7678556eeb0152cbd1522b684dcd215250885993dd00adb93679ec3c0e6e091c", size = 14142502 },
    { url = "https://files.pythonhosted.org/packages/fb/61/2d9a694a0f9cd0a839501d362de2a18de75e3004576a3008e56bdd60fcdb/numpy-2.2.3-cp313-cp313t-macosx_14_0_arm64.whl", hash = "sha256:2e8da03bd561504d9b20e7a12340870dfc206c64ea59b4cfee9fceb95070ee94", size = 5176293 },
    { url = "https://files.pythonhosted.org/packages/33/35/51e94011b23e753fa33f891f601e5c1c9a3d515448659b06df9d40c0aa6e/numpy-2.2.3-cp313-cp313t-macosx_14_0_x86_64.whl", hash = "sha256:c9aa4496fd0e17e3843399f533d62857cef5900facf93e735ef65aa4bbc90ef0", size = 6691874 },
    { url = "https://files.pythonhosted.org/packages/ff/cf/06e37619aad98a9d03bd8d65b8e3041c3a639be0f5f6b0a0e2da544538d4/numpy-2.2.3-cp313-cp313t-manylinux_2_17_aarch64.manylinux2014_aarch64.whl", hash = "sha256:f4ca91d61a4bf61b0f2228f24bbfa6a9facd5f8af03759fe2a655c50ae2c6610", size = 14036826 },
    { url = "https://files.pythonhosted.org/packages/0c/93/5d7d19955abd4d6099ef4a8ee006f9ce258166c38af259f9e5558a172e3e/numpy-2.2.3-cp313-cp313t-manylinux_2_17_x86_64.manylinux2014_x86_64.whl", hash = "sha256:deaa09cd492e24fd9b15296844c0ad1b3c976da7907e1c1ed3a0ad21dded6f76", size = 16096567 },
    { url = "https://files.pythonhosted.org/packages/af/53/d1c599acf7732d81f46a93621dab6aa8daad914b502a7a115b3f17288ab2/numpy-2.2.3-cp313-cp313t-musllinux_1_2_aarch64.whl", hash = "sha256:246535e2f7496b7ac85deffe932896a3577be7af8fb7eebe7146444680297e9a", size = 15242514 },
    { url = "https://files.pythonhosted.org/packages/53/43/c0f5411c7b3ea90adf341d05ace762dad8cb9819ef26093e27b15dd121ac/numpy-2.2.3-cp313-cp313t-musllinux_1_2_x86_64.whl", hash = "sha256:daf43a3d1ea699402c5a850e5313680ac355b4adc9770cd5cfc2940e7861f1bf", size = 17872920 },
    { url = "https://files.pythonhosted.org/packages/5b/57/6dbdd45ab277aff62021cafa1e15f9644a52f5b5fc840bc7591b4079fb58/numpy-2.2.3-cp313-cp313t-win32.whl", hash = "sha256:cf802eef1f0134afb81fef94020351be4fe1d6681aadf9c5e862af6602af64ef", size = 6346584 },
    { url = "https://files.pythonhosted.org/packages/97/9b/484f7d04b537d0a1202a5ba81c6f53f1846ae6c63c2127f8df869ed31342/numpy-2.2.3-cp313-cp313t-win_amd64.whl", hash = "sha256:aee2512827ceb6d7f517c8b85aa5d3923afe8fc7a57d028cffcd522f1c6fd082", size = 12706784 },
]

[[package]]
name = "pandas"
version = "2.2.3"
source = { registry = "https://pypi.org/simple" }
dependencies = [
    { name = "numpy" },
    { name = "python-dateutil" },
    { name = "pytz" },
    { name = "tzdata" },
]
sdist = { url = "https://files.pythonhosted.org/packages/9c/d6/9f8431bacc2e19dca897724cd097b1bb224a6ad5433784a44b587c7c13af/pandas-2.2.3.tar.gz", hash = "sha256:4f18ba62b61d7e192368b84517265a99b4d7ee8912f8708660fb4a366cc82667", size = 4399213 }
wheels = [
    { url = "https://files.pythonhosted.org/packages/17/a3/fb2734118db0af37ea7433f57f722c0a56687e14b14690edff0cdb4b7e58/pandas-2.2.3-cp312-cp312-macosx_10_9_x86_64.whl", hash = "sha256:b1d432e8d08679a40e2a6d8b2f9770a5c21793a6f9f47fdd52c5ce1948a5a8a9", size = 12529893 },
    { url = "https://files.pythonhosted.org/packages/e1/0c/ad295fd74bfac85358fd579e271cded3ac969de81f62dd0142c426b9da91/pandas-2.2.3-cp312-cp312-macosx_11_0_arm64.whl", hash = "sha256:a5a1595fe639f5988ba6a8e5bc9649af3baf26df3998a0abe56c02609392e0a4", size = 11363475 },
    { url = "https://files.pythonhosted.org/packages/c6/2a/4bba3f03f7d07207481fed47f5b35f556c7441acddc368ec43d6643c5777/pandas-2.2.3-cp312-cp312-manylinux2014_aarch64.manylinux_2_17_aarch64.whl", hash = "sha256:5de54125a92bb4d1c051c0659e6fcb75256bf799a732a87184e5ea503965bce3", size = 15188645 },
    { url = "https://files.pythonhosted.org/packages/38/f8/d8fddee9ed0d0c0f4a2132c1dfcf0e3e53265055da8df952a53e7eaf178c/pandas-2.2.3-cp312-cp312-manylinux_2_17_x86_64.manylinux2014_x86_64.whl", hash = "sha256:fffb8ae78d8af97f849404f21411c95062db1496aeb3e56f146f0355c9989319", size = 12739445 },
    { url = "https://files.pythonhosted.org/packages/20/e8/45a05d9c39d2cea61ab175dbe6a2de1d05b679e8de2011da4ee190d7e748/pandas-2.2.3-cp312-cp312-musllinux_1_2_aarch64.whl", hash = "sha256:6dfcb5ee8d4d50c06a51c2fffa6cff6272098ad6540aed1a76d15fb9318194d8", size = 16359235 },
    { url = "https://files.pythonhosted.org/packages/1d/99/617d07a6a5e429ff90c90da64d428516605a1ec7d7bea494235e1c3882de/pandas-2.2.3-cp312-cp312-musllinux_1_2_x86_64.whl", hash = "sha256:062309c1b9ea12a50e8ce661145c6aab431b1e99530d3cd60640e255778bd43a", size = 14056756 },
    { url = "https://files.pythonhosted.org/packages/29/d4/1244ab8edf173a10fd601f7e13b9566c1b525c4f365d6bee918e68381889/pandas-2.2.3-cp312-cp312-win_amd64.whl", hash = "sha256:59ef3764d0fe818125a5097d2ae867ca3fa64df032331b7e0917cf5d7bf66b13", size = 11504248 },
    { url = "https://files.pythonhosted.org/packages/64/22/3b8f4e0ed70644e85cfdcd57454686b9057c6c38d2f74fe4b8bc2527214a/pandas-2.2.3-cp313-cp313-macosx_10_13_x86_64.whl", hash = "sha256:f00d1345d84d8c86a63e476bb4955e46458b304b9575dcf71102b5c705320015", size = 12477643 },
    { url = "https://files.pythonhosted.org/packages/e4/93/b3f5d1838500e22c8d793625da672f3eec046b1a99257666c94446969282/pandas-2.2.3-cp313-cp313-macosx_11_0_arm64.whl", hash = "sha256:3508d914817e153ad359d7e069d752cdd736a247c322d932eb89e6bc84217f28", size = 11281573 },
    { url = "https://files.pythonhosted.org/packages/f5/94/6c79b07f0e5aab1dcfa35a75f4817f5c4f677931d4234afcd75f0e6a66ca/pandas-2.2.3-cp313-cp313-manylinux2014_aarch64.manylinux_2_17_aarch64.whl", hash = "sha256:22a9d949bfc9a502d320aa04e5d02feab689d61da4e7764b62c30b991c42c5f0", size = 15196085 },
    { url = "https://files.pythonhosted.org/packages/e8/31/aa8da88ca0eadbabd0a639788a6da13bb2ff6edbbb9f29aa786450a30a91/pandas-2.2.3-cp313-cp313-manylinux_2_17_x86_64.manylinux2014_x86_64.whl", hash = "sha256:f3a255b2c19987fbbe62a9dfd6cff7ff2aa9ccab3fc75218fd4b7530f01efa24", size = 12711809 },
    { url = "https://files.pythonhosted.org/packages/ee/7c/c6dbdb0cb2a4344cacfb8de1c5808ca885b2e4dcfde8008266608f9372af/pandas-2.2.3-cp313-cp313-musllinux_1_2_aarch64.whl", hash = "sha256:800250ecdadb6d9c78eae4990da62743b857b470883fa27f652db8bdde7f6659", size = 16356316 },
    { url = "https://files.pythonhosted.org/packages/57/b7/8b757e7d92023b832869fa8881a992696a0bfe2e26f72c9ae9f255988d42/pandas-2.2.3-cp313-cp313-musllinux_1_2_x86_64.whl", hash = "sha256:6374c452ff3ec675a8f46fd9ab25c4ad0ba590b71cf0656f8b6daa5202bca3fb", size = 14022055 },
    { url = "https://files.pythonhosted.org/packages/3b/bc/4b18e2b8c002572c5a441a64826252ce5da2aa738855747247a971988043/pandas-2.2.3-cp313-cp313-win_amd64.whl", hash = "sha256:61c5ad4043f791b61dd4752191d9f07f0ae412515d59ba8f005832a532f8736d", size = 11481175 },
    { url = "https://files.pythonhosted.org/packages/76/a3/a5d88146815e972d40d19247b2c162e88213ef51c7c25993942c39dbf41d/pandas-2.2.3-cp313-cp313t-macosx_10_13_x86_64.whl", hash = "sha256:3b71f27954685ee685317063bf13c7709a7ba74fc996b84fc6821c59b0f06468", size = 12615650 },
    { url = "https://files.pythonhosted.org/packages/9c/8c/f0fd18f6140ddafc0c24122c8a964e48294acc579d47def376fef12bcb4a/pandas-2.2.3-cp313-cp313t-macosx_11_0_arm64.whl", hash = "sha256:38cf8125c40dae9d5acc10fa66af8ea6fdf760b2714ee482ca691fc66e6fcb18", size = 11290177 },
    { url = "https://files.pythonhosted.org/packages/ed/f9/e995754eab9c0f14c6777401f7eece0943840b7a9fc932221c19d1abee9f/pandas-2.2.3-cp313-cp313t-manylinux2014_aarch64.manylinux_2_17_aarch64.whl", hash = "sha256:ba96630bc17c875161df3818780af30e43be9b166ce51c9a18c1feae342906c2", size = 14651526 },
    { url = "https://files.pythonhosted.org/packages/25/b0/98d6ae2e1abac4f35230aa756005e8654649d305df9a28b16b9ae4353bff/pandas-2.2.3-cp313-cp313t-manylinux_2_17_x86_64.manylinux2014_x86_64.whl", hash = "sha256:1db71525a1538b30142094edb9adc10be3f3e176748cd7acc2240c2f2e5aa3a4", size = 11871013 },
    { url = "https://files.pythonhosted.org/packages/cc/57/0f72a10f9db6a4628744c8e8f0df4e6e21de01212c7c981d31e50ffc8328/pandas-2.2.3-cp313-cp313t-musllinux_1_2_aarch64.whl", hash = "sha256:15c0e1e02e93116177d29ff83e8b1619c93ddc9c49083f237d4312337a61165d", size = 15711620 },
    { url = "https://files.pythonhosted.org/packages/ab/5f/b38085618b950b79d2d9164a711c52b10aefc0ae6833b96f626b7021b2ed/pandas-2.2.3-cp313-cp313t-musllinux_1_2_x86_64.whl", hash = "sha256:ad5b65698ab28ed8d7f18790a0dc58005c7629f227be9ecc1072aa74c0c1d43a", size = 13098436 },
]

[[package]]
name = "python-dateutil"
version = "2.9.0.post0"
source = { registry = "https://pypi.org/simple" }
dependencies = [
    { name = "six" },
]
sdist = { url = "https://files.pythonhosted.org/packages/66/c0/0c8b6ad9f17a802ee498c46e004a0eb49bc148f2fd230864601a86dcf6db/python-dateutil-2.9.0.post0.tar.gz", hash = "sha256:37dd54208da7e1cd875388217d5e00ebd4179249f90fb72437e91a35459a0ad3", size = 342432 }
wheels = [
    { url = "https://files.pythonhosted.org/packages/ec/57/56b9bcc3c9c6a792fcbaf139543cee77261f3651ca9da0c93f5c1221264b/python_dateutil-2.9.0.post0-py2.py3-none-any.whl", hash = "sha256:a8b2bc7bffae282281c8140a97d3aa9c14da0b136dfe83f850eea9a5f7470427", size = 229892 },
]

[[package]]
name = "pytz"
version = "2025.1"
source = { registry = "https://pypi.org/simple" }
sdist = { url = "https://files.pythonhosted.org/packages/5f/57/df1c9157c8d5a05117e455d66fd7cf6dbc46974f832b1058ed4856785d8a/pytz-2025.1.tar.gz", hash = "sha256:c2db42be2a2518b28e65f9207c4d05e6ff547d1efa4086469ef855e4ab70178e", size = 319617 }
wheels = [
    { url = "https://files.pythonhosted.org/packages/eb/38/ac33370d784287baa1c3d538978b5e2ea064d4c1b93ffbd12826c190dd10/pytz-2025.1-py2.py3-none-any.whl", hash = "sha256:89dd22dca55b46eac6eda23b2d72721bf1bdfef212645d81513ef5d03038de57", size = 507930 },
]

[[package]]
name = "ruff"
version = "0.9.9"
source = { registry = "https://pypi.org/simple" }
sdist = { url = "https://files.pythonhosted.org/packages/6f/c3/418441a8170e8d53d05c0b9dad69760dbc7b8a12c10dbe6db1e1205d2377/ruff-0.9.9.tar.gz", hash = "sha256:0062ed13f22173e85f8f7056f9a24016e692efeea8704d1a5e8011b8aa850933", size = 3717448 }
wheels = [
    { url = "https://files.pythonhosted.org/packages/bc/c3/2c4afa9ba467555d074b146d9aed0633a56ccdb900839fb008295d037b89/ruff-0.9.9-py3-none-linux_armv6l.whl", hash = "sha256:628abb5ea10345e53dff55b167595a159d3e174d6720bf19761f5e467e68d367", size = 10027252 },
    { url = "https://files.pythonhosted.org/packages/33/d1/439e58487cf9eac26378332e25e7d5ade4b800ce1eec7dc2cfc9b0d7ca96/ruff-0.9.9-py3-none-macosx_10_12_x86_64.whl", hash = "sha256:b6cd1428e834b35d7493354723543b28cc11dc14d1ce19b685f6e68e07c05ec7", size = 10840721 },
    { url = "https://files.pythonhosted.org/packages/50/44/fead822c38281ba0122f1b76b460488a175a9bd48b130650a6fb6dbcbcf9/ruff-0.9.9-py3-none-macosx_11_0_arm64.whl", hash = "sha256:5ee162652869120ad260670706f3cd36cd3f32b0c651f02b6da142652c54941d", size = 10161439 },
    { url = "https://files.pythonhosted.org/packages/11/ae/d404a2ab8e61ddf6342e09cc6b7f7846cce6b243e45c2007dbe0ca928a5d/ruff-0.9.9-py3-none-manylinux_2_17_aarch64.manylinux2014_aarch64.whl", hash = "sha256:3aa0f6b75082c9be1ec5a1db78c6d4b02e2375c3068438241dc19c7c306cc61a", size = 10336264 },
    { url = "https://files.pythonhosted.org/packages/6a/4e/7c268aa7d84cd709fb6f046b8972313142cffb40dfff1d2515c5e6288d54/ruff-0.9.9-py3-none-manylinux_2_17_armv7l.manylinux2014_armv7l.whl", hash = "sha256:584cc66e89fb5f80f84b05133dd677a17cdd86901d6479712c96597a3f28e7fe", size = 9908774 },
    { url = "https://files.pythonhosted.org/packages/cc/26/c618a878367ef1b76270fd027ca93692657d3f6122b84ba48911ef5f2edc/ruff-0.9.9-py3-none-manylinux_2_17_i686.manylinux2014_i686.whl", hash = "sha256:abf3369325761a35aba75cd5c55ba1b5eb17d772f12ab168fbfac54be85cf18c", size = 11428127 },
    { url = "https://files.pythonhosted.org/packages/d7/9a/c5588a93d9bfed29f565baf193fe802fa676a0c837938137ea6cf0576d8c/ruff-0.9.9-py3-none-manylinux_2_17_ppc64.manylinux2014_ppc64.whl", hash = "sha256:3403a53a32a90ce929aa2f758542aca9234befa133e29f4933dcef28a24317be", size = 12133187 },
    { url = "https://files.pythonhosted.org/packages/3e/ff/e7980a7704a60905ed7e156a8d73f604c846d9bd87deda9cabfa6cba073a/ruff-0.9.9-py3-none-manylinux_2_17_ppc64le.manylinux2014_ppc64le.whl", hash = "sha256:18454e7fa4e4d72cffe28a37cf6a73cb2594f81ec9f4eca31a0aaa9ccdfb1590", size = 11602937 },
    { url = "https://files.pythonhosted.org/packages/24/78/3690444ad9e3cab5c11abe56554c35f005b51d1d118b429765249095269f/ruff-0.9.9-py3-none-manylinux_2_17_s390x.manylinux2014_s390x.whl", hash = "sha256:0fadfe2c88724c9617339f62319ed40dcdadadf2888d5afb88bf3adee7b35bfb", size = 13771698 },
    { url = "https://files.pythonhosted.org/packages/6e/bf/e477c2faf86abe3988e0b5fd22a7f3520e820b2ee335131aca2e16120038/ruff-0.9.9-py3-none-manylinux_2_17_x86_64.manylinux2014_x86_64.whl", hash = "sha256:6df104d08c442a1aabcfd254279b8cc1e2cbf41a605aa3e26610ba1ec4acf0b0", size = 11249026 },
    { url = "https://files.pythonhosted.org/packages/f7/82/cdaffd59e5a8cb5b14c408c73d7a555a577cf6645faaf83e52fe99521715/ruff-0.9.9-py3-none-musllinux_1_2_aarch64.whl", hash = "sha256:d7c62939daf5b2a15af48abbd23bea1efdd38c312d6e7c4cedf5a24e03207e17", size = 10220432 },
    { url = "https://files.pythonhosted.org/packages/fe/a4/2507d0026225efa5d4412b6e294dfe54725a78652a5c7e29e6bd0fc492f3/ruff-0.9.9-py3-none-musllinux_1_2_armv7l.whl", hash = "sha256:9494ba82a37a4b81b6a798076e4a3251c13243fc37967e998efe4cce58c8a8d1", size = 9874602 },
    { url = "https://files.pythonhosted.org/packages/d5/be/f3aab1813846b476c4bcffe052d232244979c3cd99d751c17afb530ca8e4/ruff-0.9.9-py3-none-musllinux_1_2_i686.whl", hash = "sha256:4efd7a96ed6d36ef011ae798bf794c5501a514be369296c672dab7921087fa57", size = 10851212 },
    { url = "https://files.pythonhosted.org/packages/8b/45/8e5fd559bea0d2f57c4e12bf197a2fade2fac465aa518284f157dfbca92b/ruff-0.9.9-py3-none-musllinux_1_2_x86_64.whl", hash = "sha256:ab90a7944c5a1296f3ecb08d1cbf8c2da34c7e68114b1271a431a3ad30cb660e", size = 11327490 },
    { url = "https://files.pythonhosted.org/packages/42/55/e6c90f13880aeef327746052907e7e930681f26a164fe130ddac28b08269/ruff-0.9.9-py3-none-win32.whl", hash = "sha256:6b4c376d929c25ecd6d87e182a230fa4377b8e5125a4ff52d506ee8c087153c1", size = 10227912 },
    { url = "https://files.pythonhosted.org/packages/35/b2/da925693cb82a1208aa34966c0f36cb222baca94e729dd22a587bc22d0f3/ruff-0.9.9-py3-none-win_amd64.whl", hash = "sha256:837982ea24091d4c1700ddb2f63b7070e5baec508e43b01de013dc7eff974ff1", size = 11355632 },
    { url = "https://files.pythonhosted.org/packages/31/d8/de873d1c1b020d668d8ec9855d390764cb90cf8f6486c0983da52be8b7b7/ruff-0.9.9-py3-none-win_arm64.whl", hash = "sha256:3ac78f127517209fe6d96ab00f3ba97cafe38718b23b1db3e96d8b2d39e37ddf", size = 10435860 },
]

[[package]]
name = "six"
version = "1.17.0"
source = { registry = "https://pypi.org/simple" }
sdist = { url = "https://files.pythonhosted.org/packages/94/e7/b2c673351809dca68a0e064b6af791aa332cf192da575fd474ed7d6f16a2/six-1.17.0.tar.gz", hash = "sha256:ff70335d468e7eb6ec65b95b99d3a2836546063f63acc5171de367e834932a81", size = 34031 }
wheels = [
    { url = "https://files.pythonhosted.org/packages/b7/ce/149a00dd41f10bc29e5921b496af8b574d8413afcd5e30dfa0ed46c2cc5e/six-1.17.0-py2.py3-none-any.whl", hash = "sha256:4721f391ed90541fddacab5acf947aa0d3dc7d27b2e1e8eda2be8970586c3274", size = 11050 },
]

[[package]]
name = "tzdata"
version = "2025.1"
source = { registry = "https://pypi.org/simple" }
sdist = { url = "https://files.pythonhosted.org/packages/43/0f/fa4723f22942480be4ca9527bbde8d43f6c3f2fe8412f00e7f5f6746bc8b/tzdata-2025.1.tar.gz", hash = "sha256:24894909e88cdb28bd1636c6887801df64cb485bd593f2fd83ef29075a81d694", size = 194950 }
wheels = [
    { url = "https://files.pythonhosted.org/packages/0f/dd/84f10e23edd882c6f968c21c2434fe67bd4a528967067515feca9e611e5e/tzdata-2025.1-py2.py3-none-any.whl", hash = "sha256:7e127113816800496f027041c570f50bcd464a020098a3b6b199517772303639", size = 346762 },
]

[[package]]
name = "xlrd"
version = "2.0.1"
source = { registry = "https://pypi.org/simple" }
sdist = { url = "https://files.pythonhosted.org/packages/a6/b3/19a2540d21dea5f908304375bd43f5ed7a4c28a370dc9122c565423e6b44/xlrd-2.0.1.tar.gz", hash = "sha256:f72f148f54442c6b056bf931dbc34f986fd0c3b0b6b5a58d013c9aef274d0c88", size = 100259 }
wheels = [
    { url = "https://files.pythonhosted.org/packages/a6/0c/c2a72d51fe56e08a08acc85d13013558a2d793028ae7385448a6ccdfae64/xlrd-2.0.1-py2.py3-none-any.whl", hash = "sha256:6a33ee89877bd9abc1158129f6e94be74e2679636b8a205b43b85206c3f0bbdd", size = 96531 },
]
